# This lockfile is intentionally checked in for reproducible releases.
# Run `cargo generate-lockfile` once with the stable Rust toolchain after cloning
# if the dependency graph needs to be refreshed.
version = 4

[[package]]
name = "astrafetch"
version = "1.0.0"
dependencies = [
 "anyhow",
 "clap",
 "crossterm",
 "ratatui",
 "serde",
 "serde_json",
 "thiserror",
 "toml",
]
